
Microsoft Visual Studio Solution File, Format Version 12.00
Project("{2150E333-8FDC-42A3-9474-1A3956D46DE8}") = "building-blocks", "building-blocks", "{31CBEB51-93DC-9CA1-DA8D-67643319BEE1}"
EndProject
Project("{FAE04EC0-301F-11D3-BF4B-00C04F79EFBC}") = "BuildingBlocks", "building-blocks\BuildingBlocks\BuildingBlocks.csproj", "{8C099C79-4A72-4675-B33D-D6619A8EA121}"
EndProject
Project("{2150E333-8FDC-42A3-9474-1A3956D46DE8}") = "src", "src", "{827E0CD3-B72D-47B6-A68D-7590B98EB39B}"
EndProject
Project("{FAE04EC0-301F-11D3-BF4B-00C04F79EFBC}") = "Monolith", "src\Monolith\Monolith.csproj", "{A299F5E2-052A-447E-9C8E-95B5E6A825B3}"
EndProject
Project("{FAE04EC0-301F-11D3-BF4B-00C04F79EFBC}") = "Gateway.Yarp", "src\Gateway.Yarp\Gateway.Yarp.csproj", "{54E609D1-B0AA-4F15-90F5-0F186C15425D}"
EndProject
Project("{FAE04EC0-301F-11D3-BF4B-00C04F79EFBC}") = "Gateway.Ocelot", "src\Gateway.Ocelot\Gateway.Ocelot.csproj", "{6DE082FB-2D8E-440F-B403-B55B723DDBD8}"
EndProject
Project("{FAE04EC0-301F-11D3-BF4B-00C04F79EFBC}") = "SearchService", "src\SearchService\SearchService.csproj", "{C8F81703-C7A3-416C-A720-F75DD1A77A43}"
EndProject
Project("{FAE04EC0-301F-11D3-BF4B-00C04F79EFBC}") = "MailService", "src\MailService\MailService.csproj", "{EE2B9A09-ABB7-4FE2-9DCD-04D167EE1216}"
EndProject
Project("{FAE04EC0-301F-11D3-BF4B-00C04F79EFBC}") = "DeduplicationService", "src\DeduplicationService\DeduplicationService.csproj", "{AC753AC5-8377-4CAA-9166-7B5B5C9BAF1F}"
EndProject
Project("{FAE04EC0-301F-11D3-BF4B-00C04F79EFBC}") = "UserService", "src\UserService\UserService.csproj", "{89CCF9B7-373B-47B5-9BB0-B8DE764AA318}"
EndProject
Project("{2150E333-8FDC-42A3-9474-1A3956D46DE8}") = "tests", "tests", "{9E05F9E5-8507-4A15-83C2-9F3323AF7194}"
	ProjectSection(SolutionItems) = preProject
		tests\.gitkeep = tests\.gitkeep
	EndProjectSection
EndProject
Global
	GlobalSection(SolutionConfigurationPlatforms) = preSolution
		Debug|Any CPU = Debug|Any CPU
		Debug|x64 = Debug|x64
		Debug|x86 = Debug|x86
		Release|Any CPU = Release|Any CPU
		Release|x64 = Release|x64
		Release|x86 = Release|x86
	EndGlobalSection
	GlobalSection(ProjectConfigurationPlatforms) = postSolution
		{8C099C79-4A72-4675-B33D-D6619A8EA121}.Debug|Any CPU.ActiveCfg = Debug|Any CPU
		{8C099C79-4A72-4675-B33D-D6619A8EA121}.Debug|Any CPU.Build.0 = Debug|Any CPU
		{8C099C79-4A72-4675-B33D-D6619A8EA121}.Debug|x64.ActiveCfg = Debug|Any CPU
		{8C099C79-4A72-4675-B33D-D6619A8EA121}.Debug|x64.Build.0 = Debug|Any CPU
		{8C099C79-4A72-4675-B33D-D6619A8EA121}.Debug|x86.ActiveCfg = Debug|Any CPU
		{8C099C79-4A72-4675-B33D-D6619A8EA121}.Debug|x86.Build.0 = Debug|Any CPU
		{8C099C79-4A72-4675-B33D-D6619A8EA121}.Release|Any CPU.ActiveCfg = Release|Any CPU
		{8C099C79-4A72-4675-B33D-D6619A8EA121}.Release|Any CPU.Build.0 = Release|Any CPU
		{8C099C79-4A72-4675-B33D-D6619A8EA121}.Release|x64.ActiveCfg = Release|Any CPU
		{8C099C79-4A72-4675-B33D-D6619A8EA121}.Release|x64.Build.0 = Release|Any CPU
		{8C099C79-4A72-4675-B33D-D6619A8EA121}.Release|x86.ActiveCfg = Release|Any CPU
		{8C099C79-4A72-4675-B33D-D6619A8EA121}.Release|x86.Build.0 = Release|Any CPU
		{A299F5E2-052A-447E-9C8E-95B5E6A825B3}.Debug|Any CPU.ActiveCfg = Debug|Any CPU
		{A299F5E2-052A-447E-9C8E-95B5E6A825B3}.Debug|Any CPU.Build.0 = Debug|Any CPU
		{A299F5E2-052A-447E-9C8E-95B5E6A825B3}.Debug|x64.ActiveCfg = Debug|Any CPU
		{A299F5E2-052A-447E-9C8E-95B5E6A825B3}.Debug|x64.Build.0 = Debug|Any CPU
		{A299F5E2-052A-447E-9C8E-95B5E6A825B3}.Debug|x86.ActiveCfg = Debug|Any CPU
		{A299F5E2-052A-447E-9C8E-95B5E6A825B3}.Debug|x86.Build.0 = Debug|Any CPU
		{A299F5E2-052A-447E-9C8E-95B5E6A825B3}.Release|Any CPU.ActiveCfg = Release|Any CPU
		{A299F5E2-052A-447E-9C8E-95B5E6A825B3}.Release|Any CPU.Build.0 = Release|Any CPU
		{A299F5E2-052A-447E-9C8E-95B5E6A825B3}.Release|x64.ActiveCfg = Release|Any CPU
		{A299F5E2-052A-447E-9C8E-95B5E6A825B3}.Release|x64.Build.0 = Release|Any CPU
		{A299F5E2-052A-447E-9C8E-95B5E6A825B3}.Release|x86.ActiveCfg = Release|Any CPU
		{A299F5E2-052A-447E-9C8E-95B5E6A825B3}.Release|x86.Build.0 = Release|Any CPU
		{54E609D1-B0AA-4F15-90F5-0F186C15425D}.Debug|Any CPU.ActiveCfg = Debug|Any CPU
		{54E609D1-B0AA-4F15-90F5-0F186C15425D}.Debug|Any CPU.Build.0 = Debug|Any CPU
		{54E609D1-B0AA-4F15-90F5-0F186C15425D}.Debug|x64.ActiveCfg = Debug|Any CPU
		{54E609D1-B0AA-4F15-90F5-0F186C15425D}.Debug|x64.Build.0 = Debug|Any CPU
		{54E609D1-B0AA-4F15-90F5-0F186C15425D}.Debug|x86.ActiveCfg = Debug|Any CPU
		{54E609D1-B0AA-4F15-90F5-0F186C15425D}.Debug|x86.Build.0 = Debug|Any CPU
		{54E609D1-B0AA-4F15-90F5-0F186C15425D}.Release|Any CPU.ActiveCfg = Release|Any CPU
		{54E609D1-B0AA-4F15-90F5-0F186C15425D}.Release|Any CPU.Build.0 = Release|Any CPU
		{54E609D1-B0AA-4F15-90F5-0F186C15425D}.Release|x64.ActiveCfg = Release|Any CPU
		{54E609D1-B0AA-4F15-90F5-0F186C15425D}.Release|x64.Build.0 = Release|Any CPU
		{54E609D1-B0AA-4F15-90F5-0F186C15425D}.Release|x86.ActiveCfg = Release|Any CPU
		{54E609D1-B0AA-4F15-90F5-0F186C15425D}.Release|x86.Build.0 = Release|Any CPU
		{6DE082FB-2D8E-440F-B403-B55B723DDBD8}.Debug|Any CPU.ActiveCfg = Debug|Any CPU
		{6DE082FB-2D8E-440F-B403-B55B723DDBD8}.Debug|Any CPU.Build.0 = Debug|Any CPU
		{6DE082FB-2D8E-440F-B403-B55B723DDBD8}.Debug|x64.ActiveCfg = Debug|Any CPU
		{6DE082FB-2D8E-440F-B403-B55B723DDBD8}.Debug|x64.Build.0 = Debug|Any CPU
		{6DE082FB-2D8E-440F-B403-B55B723DDBD8}.Debug|x86.ActiveCfg = Debug|Any CPU
		{6DE082FB-2D8E-440F-B403-B55B723DDBD8}.Debug|x86.Build.0 = Debug|Any CPU
		{6DE082FB-2D8E-440F-B403-B55B723DDBD8}.Release|Any CPU.ActiveCfg = Release|Any CPU
		{6DE082FB-2D8E-440F-B403-B55B723DDBD8}.Release|Any CPU.Build.0 = Release|Any CPU
		{6DE082FB-2D8E-440F-B403-B55B723DDBD8}.Release|x64.ActiveCfg = Release|Any CPU
		{6DE082FB-2D8E-440F-B403-B55B723DDBD8}.Release|x64.Build.0 = Release|Any CPU
		{6DE082FB-2D8E-440F-B403-B55B723DDBD8}.Release|x86.ActiveCfg = Release|Any CPU
		{6DE082FB-2D8E-440F-B403-B55B723DDBD8}.Release|x86.Build.0 = Release|Any CPU
		{C8F81703-C7A3-416C-A720-F75DD1A77A43}.Debug|Any CPU.ActiveCfg = Debug|Any CPU
		{C8F81703-C7A3-416C-A720-F75DD1A77A43}.Debug|Any CPU.Build.0 = Debug|Any CPU
		{C8F81703-C7A3-416C-A720-F75DD1A77A43}.Debug|x64.ActiveCfg = Debug|Any CPU
		{C8F81703-C7A3-416C-A720-F75DD1A77A43}.Debug|x64.Build.0 = Debug|Any CPU
		{C8F81703-C7A3-416C-A720-F75DD1A77A43}.Debug|x86.ActiveCfg = Debug|Any CPU
		{C8F81703-C7A3-416C-A720-F75DD1A77A43}.Debug|x86.Build.0 = Debug|Any CPU
		{C8F81703-C7A3-416C-A720-F75DD1A77A43}.Release|Any CPU.ActiveCfg = Release|Any CPU
		{C8F81703-C7A3-416C-A720-F75DD1A77A43}.Release|Any CPU.Build.0 = Release|Any CPU
		{C8F81703-C7A3-416C-A720-F75DD1A77A43}.Release|x64.ActiveCfg = Release|Any CPU
		{C8F81703-C7A3-416C-A720-F75DD1A77A43}.Release|x64.Build.0 = Release|Any CPU
		{C8F81703-C7A3-416C-A720-F75DD1A77A43}.Release|x86.ActiveCfg = Release|Any CPU
		{C8F81703-C7A3-416C-A720-F75DD1A77A43}.Release|x86.Build.0 = Release|Any CPU
		{EE2B9A09-ABB7-4FE2-9DCD-04D167EE1216}.Debug|Any CPU.ActiveCfg = Debug|Any CPU
		{EE2B9A09-ABB7-4FE2-9DCD-04D167EE1216}.Debug|Any CPU.Build.0 = Debug|Any CPU
		{EE2B9A09-ABB7-4FE2-9DCD-04D167EE1216}.Debug|x64.ActiveCfg = Debug|Any CPU
		{EE2B9A09-ABB7-4FE2-9DCD-04D167EE1216}.Debug|x64.Build.0 = Debug|Any CPU
		{EE2B9A09-ABB7-4FE2-9DCD-04D167EE1216}.Debug|x86.ActiveCfg = Debug|Any CPU
		{EE2B9A09-ABB7-4FE2-9DCD-04D167EE1216}.Debug|x86.Build.0 = Debug|Any CPU
		{EE2B9A09-ABB7-4FE2-9DCD-04D167EE1216}.Release|Any CPU.ActiveCfg = Release|Any CPU
		{EE2B9A09-ABB7-4FE2-9DCD-04D167EE1216}.Release|Any CPU.Build.0 = Release|Any CPU
		{EE2B9A09-ABB7-4FE2-9DCD-04D167EE1216}.Release|x64.ActiveCfg = Release|Any CPU
		{EE2B9A09-ABB7-4FE2-9DCD-04D167EE1216}.Release|x64.Build.0 = Release|Any CPU
		{EE2B9A09-ABB7-4FE2-9DCD-04D167EE1216}.Release|x86.ActiveCfg = Release|Any CPU
		{EE2B9A09-ABB7-4FE2-9DCD-04D167EE1216}.Release|x86.Build.0 = Release|Any CPU
		{AC753AC5-8377-4CAA-9166-7B5B5C9BAF1F}.Debug|Any CPU.ActiveCfg = Debug|Any CPU
		{AC753AC5-8377-4CAA-9166-7B5B5C9BAF1F}.Debug|Any CPU.Build.0 = Debug|Any CPU
		{AC753AC5-8377-4CAA-9166-7B5B5C9BAF1F}.Debug|x64.ActiveCfg = Debug|Any CPU
		{AC753AC5-8377-4CAA-9166-7B5B5C9BAF1F}.Debug|x64.Build.0 = Debug|Any CPU
		{AC753AC5-8377-4CAA-9166-7B5B5C9BAF1F}.Debug|x86.ActiveCfg = Debug|Any CPU
		{AC753AC5-8377-4CAA-9166-7B5B5C9BAF1F}.Debug|x86.Build.0 = Debug|Any CPU
		{AC753AC5-8377-4CAA-9166-7B5B5C9BAF1F}.Release|Any CPU.ActiveCfg = Release|Any CPU
		{AC753AC5-8377-4CAA-9166-7B5B5C9BAF1F}.Release|Any CPU.Build.0 = Release|Any CPU
		{AC753AC5-8377-4CAA-9166-7B5B5C9BAF1F}.Release|x64.ActiveCfg = Release|Any CPU
		{AC753AC5-8377-4CAA-9166-7B5B5C9BAF1F}.Release|x64.Build.0 = Release|Any CPU
		{AC753AC5-8377-4CAA-9166-7B5B5C9BAF1F}.Release|x86.ActiveCfg = Release|Any CPU
		{AC753AC5-8377-4CAA-9166-7B5B5C9BAF1F}.Release|x86.Build.0 = Release|Any CPU
		{89CCF9B7-373B-47B5-9BB0-B8DE764AA318}.Debug|Any CPU.ActiveCfg = Debug|Any CPU
		{89CCF9B7-373B-47B5-9BB0-B8DE764AA318}.Debug|Any CPU.Build.0 = Debug|Any CPU
		{89CCF9B7-373B-47B5-9BB0-B8DE764AA318}.Debug|x64.ActiveCfg = Debug|Any CPU
		{89CCF9B7-373B-47B5-9BB0-B8DE764AA318}.Debug|x64.Build.0 = Debug|Any CPU
		{89CCF9B7-373B-47B5-9BB0-B8DE764AA318}.Debug|x86.ActiveCfg = Debug|Any CPU
		{89CCF9B7-373B-47B5-9BB0-B8DE764AA318}.Debug|x86.Build.0 = Debug|Any CPU
		{89CCF9B7-373B-47B5-9BB0-B8DE764AA318}.Release|Any CPU.ActiveCfg = Release|Any CPU
		{89CCF9B7-373B-47B5-9BB0-B8DE764AA318}.Release|Any CPU.Build.0 = Release|Any CPU
		{89CCF9B7-373B-47B5-9BB0-B8DE764AA318}.Release|x64.ActiveCfg = Release|Any CPU
		{89CCF9B7-373B-47B5-9BB0-B8DE764AA318}.Release|x64.Build.0 = Release|Any CPU
		{89CCF9B7-373B-47B5-9BB0-B8DE764AA318}.Release|x86.ActiveCfg = Release|Any CPU
		{89CCF9B7-373B-47B5-9BB0-B8DE764AA318}.Release|x86.Build.0 = Release|Any CPU
	EndGlobalSection
	GlobalSection(SolutionProperties) = preSolution
		HideSolutionNode = FALSE
	EndGlobalSection
	GlobalSection(NestedProjects) = preSolution
		{8C099C79-4A72-4675-B33D-D6619A8EA121} = {31CBEB51-93DC-9CA1-DA8D-67643319BEE1}
		{A299F5E2-052A-447E-9C8E-95B5E6A825B3} = {827E0CD3-B72D-47B6-A68D-7590B98EB39B}
		{54E609D1-B0AA-4F15-90F5-0F186C15425D} = {827E0CD3-B72D-47B6-A68D-7590B98EB39B}
		{6DE082FB-2D8E-440F-B403-B55B723DDBD8} = {827E0CD3-B72D-47B6-A68D-7590B98EB39B}
		{C8F81703-C7A3-416C-A720-F75DD1A77A43} = {827E0CD3-B72D-47B6-A68D-7590B98EB39B}
		{EE2B9A09-ABB7-4FE2-9DCD-04D167EE1216} = {827E0CD3-B72D-47B6-A68D-7590B98EB39B}
		{AC753AC5-8377-4CAA-9166-7B5B5C9BAF1F} = {827E0CD3-B72D-47B6-A68D-7590B98EB39B}
		{89CCF9B7-373B-47B5-9BB0-B8DE764AA318} = {827E0CD3-B72D-47B6-A68D-7590B98EB39B}
	EndGlobalSection
EndGlobal
